
Microsoft Visual Studio Solution File, Format Version 12.00
# Visual Studio Version 17
VisualStudioVersion = 17.4.33122.133
MinimumVisualStudioVersion = 10.0.40219.1
Project("{9A19103F-16F7-4668-BE54-9A1E7A4F7556}") = "VendingMachine", "3d_Buzz\VendingMachine.csproj", "{202A8DD5-E4C7-40DC-9C15-23D81FD3AB79}"
EndProject
Global
	GlobalSection(SolutionConfigurationPlatforms) = preSolution
		Debug|Any CPU = Debug|Any CPU
		Release|Any CPU = Release|Any CPU
	EndGlobalSection
	GlobalSection(ProjectConfigurationPlatforms) = postSolution
		{202A8DD5-E4C7-40DC-9C15-23D81FD3AB79}.Debug|Any CPU.ActiveCfg = Debug|Any CPU
		{202A8DD5-E4C7-40DC-9C15-23D81FD3AB79}.Debug|Any CPU.Build.0 = Debug|Any CPU
		{202A8DD5-E4C7-40DC-9C15-23D81FD3AB79}.Release|Any CPU.ActiveCfg = Release|Any CPU
		{202A8DD5-E4C7-40DC-9C15-23D81FD3AB79}.Release|Any CPU.Build.0 = Release|Any CPU
	EndGlobalSection
	GlobalSection(SolutionProperties) = preSolution
		HideSolutionNode = FALSE
	EndGlobalSection
	GlobalSection(ExtensibilityGlobals) = postSolution
		SolutionGuid = {8686D27E-0C41-4D55-953A-EE78B4B05DC1}
	EndGlobalSection
EndGlobal
