
Microsoft Visual Studio Solution File, Format Version 12.00
# Visual Studio Version 17
VisualStudioVersion = 17.4.33205.214
MinimumVisualStudioVersion = 10.0.40219.1
Project("{FAE04EC0-301F-11D3-BF4B-00C04F79EFBC}") = "BasicClassLibrary", "BasicClassLibrary.csproj", "{2D0AD81C-9C77-4305-B687-CB0E3E5552C8}"
EndProject
Global
	GlobalSection(SolutionConfigurationPlatforms) = preSolution
		Debug|Any CPU = Debug|Any CPU
		Release|Any CPU = Release|Any CPU
	EndGlobalSection
	GlobalSection(ProjectConfigurationPlatforms) = postSolution
		{2D0AD81C-9C77-4305-B687-CB0E3E5552C8}.Debug|Any CPU.ActiveCfg = Debug|Any CPU
		{2D0AD81C-9C77-4305-B687-CB0E3E5552C8}.Debug|Any CPU.Build.0 = Debug|Any CPU
		{2D0AD81C-9C77-4305-B687-CB0E3E5552C8}.Release|Any CPU.ActiveCfg = Release|Any CPU
		{2D0AD81C-9C77-4305-B687-CB0E3E5552C8}.Release|Any CPU.Build.0 = Release|Any CPU
	EndGlobalSection
	GlobalSection(SolutionProperties) = preSolution
		HideSolutionNode = FALSE
	EndGlobalSection
	GlobalSection(ExtensibilityGlobals) = postSolution
		SolutionGuid = {AFBD7993-F91B-43AE-B4C6-E59438780AF7}
	EndGlobalSection
EndGlobal
