
Microsoft Visual Studio Solution File, Format Version 12.00
# Visual Studio Version 17
VisualStudioVersion = 17.4.33205.214
MinimumVisualStudioVersion = 10.0.40219.1
Project("{FAE04EC0-301F-11D3-BF4B-00C04F79EFBC}") = "2.4", "2.4.csproj", "{46F1EEF1-A1A9-4F5A-BC10-13D85E16A178}"
EndProject
Global
	GlobalSection(SolutionConfigurationPlatforms) = preSolution
		Debug|Any CPU = Debug|Any CPU
		Release|Any CPU = Release|Any CPU
	EndGlobalSection
	GlobalSection(ProjectConfigurationPlatforms) = postSolution
		{46F1EEF1-A1A9-4F5A-BC10-13D85E16A178}.Debug|Any CPU.ActiveCfg = Debug|Any CPU
		{46F1EEF1-A1A9-4F5A-BC10-13D85E16A178}.Debug|Any CPU.Build.0 = Debug|Any CPU
		{46F1EEF1-A1A9-4F5A-BC10-13D85E16A178}.Release|Any CPU.ActiveCfg = Release|Any CPU
		{46F1EEF1-A1A9-4F5A-BC10-13D85E16A178}.Release|Any CPU.Build.0 = Release|Any CPU
	EndGlobalSection
	GlobalSection(SolutionProperties) = preSolution
		HideSolutionNode = FALSE
	EndGlobalSection
	GlobalSection(ExtensibilityGlobals) = postSolution
		SolutionGuid = {434685FC-8C1E-4EB8-A2AC-A08E378C527F}
	EndGlobalSection
EndGlobal
