
Microsoft Visual Studio Solution File, Format Version 12.00
# Visual Studio Version 17
VisualStudioVersion = 17.4.33205.214
MinimumVisualStudioVersion = 10.0.40219.1
Project("{FAE04EC0-301F-11D3-BF4B-00C04F79EFBC}") = "1.5", "1.5.csproj", "{BB2638EE-29B7-4635-AB81-6D3215DE8815}"
EndProject
Global
	GlobalSection(SolutionConfigurationPlatforms) = preSolution
		Debug|Any CPU = Debug|Any CPU
		Release|Any CPU = Release|Any CPU
	EndGlobalSection
	GlobalSection(ProjectConfigurationPlatforms) = postSolution
		{BB2638EE-29B7-4635-AB81-6D3215DE8815}.Debug|Any CPU.ActiveCfg = Debug|Any CPU
		{BB2638EE-29B7-4635-AB81-6D3215DE8815}.Debug|Any CPU.Build.0 = Debug|Any CPU
		{BB2638EE-29B7-4635-AB81-6D3215DE8815}.Release|Any CPU.ActiveCfg = Release|Any CPU
		{BB2638EE-29B7-4635-AB81-6D3215DE8815}.Release|Any CPU.Build.0 = Release|Any CPU
	EndGlobalSection
	GlobalSection(SolutionProperties) = preSolution
		HideSolutionNode = FALSE
	EndGlobalSection
	GlobalSection(ExtensibilityGlobals) = postSolution
		SolutionGuid = {8A6A640F-E6E6-4580-8279-4D856C6F1A42}
	EndGlobalSection
EndGlobal
