
Microsoft Visual Studio Solution File, Format Version 12.00
# Visual Studio Version 17
VisualStudioVersion = 17.4.33205.214
MinimumVisualStudioVersion = 10.0.40219.1
Project("{FAE04EC0-301F-11D3-BF4B-00C04F79EFBC}") = "1.7", "1.7.csproj", "{FCA07025-0881-4EC5-AE63-A1660242E85B}"
EndProject
Global
	GlobalSection(SolutionConfigurationPlatforms) = preSolution
		Debug|Any CPU = Debug|Any CPU
		Release|Any CPU = Release|Any CPU
	EndGlobalSection
	GlobalSection(ProjectConfigurationPlatforms) = postSolution
		{FCA07025-0881-4EC5-AE63-A1660242E85B}.Debug|Any CPU.ActiveCfg = Debug|Any CPU
		{FCA07025-0881-4EC5-AE63-A1660242E85B}.Debug|Any CPU.Build.0 = Debug|Any CPU
		{FCA07025-0881-4EC5-AE63-A1660242E85B}.Release|Any CPU.ActiveCfg = Release|Any CPU
		{FCA07025-0881-4EC5-AE63-A1660242E85B}.Release|Any CPU.Build.0 = Release|Any CPU
	EndGlobalSection
	GlobalSection(SolutionProperties) = preSolution
		HideSolutionNode = FALSE
	EndGlobalSection
	GlobalSection(ExtensibilityGlobals) = postSolution
		SolutionGuid = {FF6B78EE-049E-4574-A5D5-3E0B47732115}
	EndGlobalSection
EndGlobal
