
Microsoft Visual Studio Solution File, Format Version 12.00
# Visual Studio Version 17
VisualStudioVersion = 17.4.33205.214
MinimumVisualStudioVersion = 10.0.40219.1
Project("{FAE04EC0-301F-11D3-BF4B-00C04F79EFBC}") = "1.6", "1.6.csproj", "{DD496A23-2EF9-4638-B373-3DD0A8969EBF}"
EndProject
Global
	GlobalSection(SolutionConfigurationPlatforms) = preSolution
		Debug|Any CPU = Debug|Any CPU
		Release|Any CPU = Release|Any CPU
	EndGlobalSection
	GlobalSection(ProjectConfigurationPlatforms) = postSolution
		{DD496A23-2EF9-4638-B373-3DD0A8969EBF}.Debug|Any CPU.ActiveCfg = Debug|Any CPU
		{DD496A23-2EF9-4638-B373-3DD0A8969EBF}.Debug|Any CPU.Build.0 = Debug|Any CPU
		{DD496A23-2EF9-4638-B373-3DD0A8969EBF}.Release|Any CPU.ActiveCfg = Release|Any CPU
		{DD496A23-2EF9-4638-B373-3DD0A8969EBF}.Release|Any CPU.Build.0 = Release|Any CPU
	EndGlobalSection
	GlobalSection(SolutionProperties) = preSolution
		HideSolutionNode = FALSE
	EndGlobalSection
	GlobalSection(ExtensibilityGlobals) = postSolution
		SolutionGuid = {CEDA145E-81B2-415A-8CB4-0CB11EC0A0E5}
	EndGlobalSection
EndGlobal
